// !$*UTF8*$!
{
	archiveVersion = 1;
	classes = {
	};
	objectVersion = 46;
	objects = {

/* Begin PBXBuildFile section */
		8F715EEA16E036080073293E /* QuartzCore.framework in Frameworks */ = {isa = PBXBuildFile; fileRef = 8F715EE916E036080073293E /* QuartzCore.framework */; };
		8FEE95C516D87B58002B8F04 /* UIKit.framework in Frameworks */ = {isa = PBXBuildFile; fileRef = 8FEE95C416D87B58002B8F04 /* UIKit.framework */; };
		8FEE95C716D87B58002B8F04 /* Foundation.framework in Frameworks */ = {isa = PBXBuildFile; fileRef = 8FEE95C616D87B58002B8F04 /* Foundation.framework */; };
		8FEE95C916D87B58002B8F04 /* CoreGraphics.framework in Frameworks */ = {isa = PBXBuildFile; fileRef = 8FEE95C816D87B58002B8F04 /* CoreGraphics.framework */; };
		8FEE95CF16D87B58002B8F04 /* InfoPlist.strings in Resources */ = {isa = PBXBuildFile; fileRef = 8FEE95CD16D87B58002B8F04 /* InfoPlist.strings */; };
		8FEE95D116D87B58002B8F04 /* main.m in Sources */ = {isa = PBXBuildFile; fileRef = 8FEE95D016D87B58002B8F04 /* main.m */; };
		8FEE95D516D87B58002B8F04 /* AppDelegate.m in Sources */ = {isa = PBXBuildFile; fileRef = 8FEE95D416D87B58002B8F04 /* AppDelegate.m */; };
		8FEE95D716D87B58002B8F04 /* Default.png in Resources */ = {isa = PBXBuildFile; fileRef = 8FEE95D616D87B58002B8F04 /* Default.png */; };
		8FEE95D916D87B58002B8F04 /* Default@2x.png in Resources */ = {isa = PBXBuildFile; fileRef = 8FEE95D816D87B58002B8F04 /* Default@2x.png */; };
		8FEE95DB16D87B58002B8F04 /* Default-568h@2x.png in Resources */ = {isa = PBXBuildFile; fileRef = 8FEE95DA16D87B58002B8F04 /* Default-568h@2x.png */; };
		8FEE95DE16D87B58002B8F04 /* MainStoryboard_iPhone.storyboard in Resources */ = {isa = PBXBuildFile; fileRef = 8FEE95DC16D87B58002B8F04 /* MainStoryboard_iPhone.storyboard */; };
		8FEE95E116D87B58002B8F04 /* MainStoryboard_iPad.storyboard in Resources */ = {isa = PBXBuildFile; fileRef = 8FEE95DF16D87B58002B8F04 /* MainStoryboard_iPad.storyboard */; };
		8FEE95E416D87B58002B8F04 /* ViewController.m in Sources */ = {isa = PBXBuildFile; fileRef = 8FEE95E316D87B58002B8F04 /* ViewController.m */; };
		8FEE95EB16D87B6C002B8F04 /* AVFoundation.framework in Frameworks */ = {isa = PBXBuildFile; fileRef = 8FEE95EA16D87B6C002B8F04 /* AVFoundation.framework */; };
		8FEE95ED16D87B71002B8F04 /* MediaPlayer.framework in Frameworks */ = {isa = PBXBuildFile; fileRef = 8FEE95EC16D87B71002B8F04 /* MediaPlayer.framework */; };
		8FEE95F116D87D50002B8F04 /* Dictionary in Resources */ = {isa = PBXBuildFile; fileRef = 8FEE95EE16D87D50002B8F04 /* Dictionary */; };
		8FEE95F216D87D50002B8F04 /* Images in Resources */ = {isa = PBXBuildFile; fileRef = 8FEE95EF16D87D50002B8F04 /* Images */; };
		8FEE95F316D87D50002B8F04 /* Inventory in Resources */ = {isa = PBXBuildFile; fileRef = 8FEE95F016D87D50002B8F04 /* Inventory */; };
		8FEE95FD16D87E37002B8F04 /* BookPageViewController.m in Sources */ = {isa = PBXBuildFile; fileRef = 8FEE95F616D87E37002B8F04 /* BookPageViewController.m */; };
		8FEE95FE16D87E37002B8F04 /* BookshelfViewController.m in Sources */ = {isa = PBXBuildFile; fileRef = 8FEE95F816D87E37002B8F04 /* BookshelfViewController.m */; };
		8FEE95FF16D87E37002B8F04 /* CoverPageViewController.m in Sources */ = {isa = PBXBuildFile; fileRef = 8FEE95FA16D87E37002B8F04 /* CoverPageViewController.m */; };
		8FEE960016D87E37002B8F04 /* StoryBookViewController.m in Sources */ = {isa = PBXBuildFile; fileRef = 8FEE95FC16D87E37002B8F04 /* StoryBookViewController.m */; };
		8FEE960316D8809A002B8F04 /* SignMeStoryFS.m in Sources */ = {isa = PBXBuildFile; fileRef = 8FEE960216D8809A002B8F04 /* SignMeStoryFS.m */; };
/* End PBXBuildFile section */

/* Begin PBXFileReference section */
		8F715EE916E036080073293E /* QuartzCore.framework */ = {isa = PBXFileReference; lastKnownFileType = wrapper.framework; name = QuartzCore.framework; path = System/Library/Frameworks/QuartzCore.framework; sourceTree = SDKROOT; };
		8FEE95C016D87B58002B8F04 /* SignMeStory.app */ = {isa = PBXFileReference; explicitFileType = wrapper.application; includeInIndex = 0; path = SignMeStory.app; sourceTree = BUILT_PRODUCTS_DIR; };
		8FEE95C416D87B58002B8F04 /* UIKit.framework */ = {isa = PBXFileReference; lastKnownFileType = wrapper.framework; name = UIKit.framework; path = System/Library/Frameworks/UIKit.framework; sourceTree = SDKROOT; };
		8FEE95C616D87B58002B8F04 /* Foundation.framework */ = {isa = PBXFileReference; lastKnownFileType = wrapper.framework; name = Foundation.framework; path = System/Library/Frameworks/Foundation.framework; sourceTree = SDKROOT; };
		8FEE95C816D87B58002B8F04 /* CoreGraphics.framework */ = {isa = PBXFileReference; lastKnownFileType = wrapper.framework; name = CoreGraphics.framework; path = System/Library/Frameworks/CoreGraphics.framework; sourceTree = SDKROOT; };
		8FEE95CC16D87B58002B8F04 /* SignMeStory-Info.plist */ = {isa = PBXFileReference; lastKnownFileType = text.plist.xml; path = "SignMeStory-Info.plist"; sourceTree = "<group>"; };
		8FEE95CE16D87B58002B8F04 /* en */ = {isa = PBXFileReference; lastKnownFileType = text.plist.strings; name = en; path = en.lproj/InfoPlist.strings; sourceTree = "<group>"; };
		8FEE95D016D87B58002B8F04 /* main.m */ = {isa = PBXFileReference; lastKnownFileType = sourcecode.c.objc; path = main.m; sourceTree = "<group>"; };
		8FEE95D216D87B58002B8F04 /* SignMeStory-Prefix.pch */ = {isa = PBXFileReference; lastKnownFileType = sourcecode.c.h; path = "SignMeStory-Prefix.pch"; sourceTree = "<group>"; };
		8FEE95D316D87B58002B8F04 /* AppDelegate.h */ = {isa = PBXFileReference; lastKnownFileType = sourcecode.c.h; path = AppDelegate.h; sourceTree = "<group>"; };
		8FEE95D416D87B58002B8F04 /* AppDelegate.m */ = {isa = PBXFileReference; lastKnownFileType = sourcecode.c.objc; path = AppDelegate.m; sourceTree = "<group>"; };
		8FEE95D616D87B58002B8F04 /* Default.png */ = {isa = PBXFileReference; lastKnownFileType = image.png; path = Default.png; sourceTree = "<group>"; };
		8FEE95D816D87B58002B8F04 /* Default@2x.png */ = {isa = PBXFileReference; lastKnownFileType = image.png; path = "Default@2x.png"; sourceTree = "<group>"; };
		8FEE95DA16D87B58002B8F04 /* Default-568h@2x.png */ = {isa = PBXFileReference; lastKnownFileType = image.png; path = "Default-568h@2x.png"; sourceTree = "<group>"; };
		8FEE95DD16D87B58002B8F04 /* en */ = {isa = PBXFileReference; lastKnownFileType = file.storyboard; name = en; path = en.lproj/MainStoryboard_iPhone.storyboard; sourceTree = "<group>"; };
		8FEE95E016D87B58002B8F04 /* en */ = {isa = PBXFileReference; lastKnownFileType = file.storyboard; name = en; path = en.lproj/MainStoryboard_iPad.storyboard; sourceTree = "<group>"; };
		8FEE95E216D87B58002B8F04 /* ViewController.h */ = {isa = PBXFileReference; lastKnownFileType = sourcecode.c.h; path = ViewController.h; sourceTree = "<group>"; };
		8FEE95E316D87B58002B8F04 /* ViewController.m */ = {isa = PBXFileReference; lastKnownFileType = sourcecode.c.objc; path = ViewController.m; sourceTree = "<group>"; };
		8FEE95EA16D87B6C002B8F04 /* AVFoundation.framework */ = {isa = PBXFileReference; lastKnownFileType = wrapper.framework; name = AVFoundation.framework; path = System/Library/Frameworks/AVFoundation.framework; sourceTree = SDKROOT; };
		8FEE95EC16D87B71002B8F04 /* MediaPlayer.framework */ = {isa = PBXFileReference; lastKnownFileType = wrapper.framework; name = MediaPlayer.framework; path = System/Library/Frameworks/MediaPlayer.framework; sourceTree = SDKROOT; };
		8FEE95EE16D87D50002B8F04 /* Dictionary */ = {isa = PBXFileReference; lastKnownFileType = folder; path = Dictionary; sourceTree = "<group>"; };
		8FEE95EF16D87D50002B8F04 /* Images */ = {isa = PBXFileReference; lastKnownFileType = folder; path = Images; sourceTree = "<group>"; };
		8FEE95F016D87D50002B8F04 /* Inventory */ = {isa = PBXFileReference; lastKnownFileType = folder; path = Inventory; sourceTree = "<group>"; };
		8FEE95F516D87E37002B8F04 /* BookPageViewController.h */ = {isa = PBXFileReference; fileEncoding = 4; lastKnownFileType = sourcecode.c.h; path = BookPageViewController.h; sourceTree = "<group>"; };
		8FEE95F616D87E37002B8F04 /* BookPageViewController.m */ = {isa = PBXFileReference; fileEncoding = 4; lastKnownFileType = sourcecode.c.objc; path = BookPageViewController.m; sourceTree = "<group>"; };
		8FEE95F716D87E37002B8F04 /* BookshelfViewController.h */ = {isa = PBXFileReference; fileEncoding = 4; lastKnownFileType = sourcecode.c.h; path = BookshelfViewController.h; sourceTree = "<group>"; };
		8FEE95F816D87E37002B8F04 /* BookshelfViewController.m */ = {isa = PBXFileReference; fileEncoding = 4; lastKnownFileType = sourcecode.c.objc; path = BookshelfViewController.m; sourceTree = "<group>"; };
		8FEE95F916D87E37002B8F04 /* CoverPageViewController.h */ = {isa = PBXFileReference; fileEncoding = 4; lastKnownFileType = sourcecode.c.h; path = CoverPageViewController.h; sourceTree = "<group>"; };
		8FEE95FA16D87E37002B8F04 /* CoverPageViewController.m */ = {isa = PBXFileReference; fileEncoding = 4; lastKnownFileType = sourcecode.c.objc; path = CoverPageViewController.m; sourceTree = "<group>"; };
		8FEE95FB16D87E37002B8F04 /* StoryBookViewController.h */ = {isa = PBXFileReference; fileEncoding = 4; lastKnownFileType = sourcecode.c.h; path = StoryBookViewController.h; sourceTree = "<group>"; };
		8FEE95FC16D87E37002B8F04 /* StoryBookViewController.m */ = {isa = PBXFileReference; fileEncoding = 4; lastKnownFileType = sourcecode.c.objc; path = StoryBookViewController.m; sourceTree = "<group>"; };
		8FEE960116D8809A002B8F04 /* SignMeStoryFS.h */ = {isa = PBXFileReference; fileEncoding = 4; lastKnownFileType = sourcecode.c.h; path = SignMeStoryFS.h; sourceTree = "<group>"; };
		8FEE960216D8809A002B8F04 /* SignMeStoryFS.m */ = {isa = PBXFileReference; fileEncoding = 4; lastKnownFileType = sourcecode.c.objc; path = SignMeStoryFS.m; sourceTree = "<group>"; };
/* End PBXFileReference section */

/* Begin PBXFrameworksBuildPhase section */
		8FEE95BD16D87B58002B8F04 /* Frameworks */ = {
			isa = PBXFrameworksBuildPhase;
			buildActionMask = 2147483647;
			files = (
				8F715EEA16E036080073293E /* QuartzCore.framework in Frameworks */,
				8FEE95ED16D87B71002B8F04 /* MediaPlayer.framework in Frameworks */,
				8FEE95EB16D87B6C002B8F04 /* AVFoundation.framework in Frameworks */,
				8FEE95C516D87B58002B8F04 /* UIKit.framework in Frameworks */,
				8FEE95C716D87B58002B8F04 /* Foundation.framework in Frameworks */,
				8FEE95C916D87B58002B8F04 /* CoreGraphics.framework in Frameworks */,
			);
			runOnlyForDeploymentPostprocessing = 0;
		};
/* End PBXFrameworksBuildPhase section */

/* Begin PBXGroup section */
		8FEE95B516D87B58002B8F04 = {
			isa = PBXGroup;
			children = (
				8FEE95CA16D87B58002B8F04 /* SignMeStory */,
				8FEE95C316D87B58002B8F04 /* Frameworks */,
				8FEE95C116D87B58002B8F04 /* Products */,
			);
			sourceTree = "<group>";
		};
		8FEE95C116D87B58002B8F04 /* Products */ = {
			isa = PBXGroup;
			children = (
				8FEE95C016D87B58002B8F04 /* SignMeStory.app */,
			);
			name = Products;
			sourceTree = "<group>";
		};
		8FEE95C316D87B58002B8F04 /* Frameworks */ = {
			isa = PBXGroup;
			children = (
				8F715EE916E036080073293E /* QuartzCore.framework */,
				8FEE95EC16D87B71002B8F04 /* MediaPlayer.framework */,
				8FEE95EA16D87B6C002B8F04 /* AVFoundation.framework */,
				8FEE95C416D87B58002B8F04 /* UIKit.framework */,
				8FEE95C616D87B58002B8F04 /* Foundation.framework */,
				8FEE95C816D87B58002B8F04 /* CoreGraphics.framework */,
			);
			name = Frameworks;
			sourceTree = "<group>";
		};
		8FEE95CA16D87B58002B8F04 /* SignMeStory */ = {
			isa = PBXGroup;
			children = (
				8FEE95F516D87E37002B8F04 /* BookPageViewController.h */,
				8FEE95F616D87E37002B8F04 /* BookPageViewController.m */,
				8FEE95F716D87E37002B8F04 /* BookshelfViewController.h */,
				8FEE95F816D87E37002B8F04 /* BookshelfViewController.m */,
				8FEE95F916D87E37002B8F04 /* CoverPageViewController.h */,
				8FEE95FA16D87E37002B8F04 /* CoverPageViewController.m */,
				8FEE95FB16D87E37002B8F04 /* StoryBookViewController.h */,
				8FEE95FC16D87E37002B8F04 /* StoryBookViewController.m */,
				8FEE95F416D87D5C002B8F04 /* Database */,
				8FEE95D316D87B58002B8F04 /* AppDelegate.h */,
				8FEE95D416D87B58002B8F04 /* AppDelegate.m */,
				8FEE95DC16D87B58002B8F04 /* MainStoryboard_iPhone.storyboard */,
				8FEE95DF16D87B58002B8F04 /* MainStoryboard_iPad.storyboard */,
				8FEE95E216D87B58002B8F04 /* ViewController.h */,
				8FEE95E316D87B58002B8F04 /* ViewController.m */,
				8FEE95CB16D87B58002B8F04 /* Supporting Files */,
			);
			path = SignMeStory;
			sourceTree = "<group>";
		};
		8FEE95CB16D87B58002B8F04 /* Supporting Files */ = {
			isa = PBXGroup;
			children = (
				8FEE95EE16D87D50002B8F04 /* Dictionary */,
				8FEE95EF16D87D50002B8F04 /* Images */,
				8FEE95F016D87D50002B8F04 /* Inventory */,
				8FEE95CC16D87B58002B8F04 /* SignMeStory-Info.plist */,
				8FEE95CD16D87B58002B8F04 /* InfoPlist.strings */,
				8FEE95D016D87B58002B8F04 /* main.m */,
				8FEE95D216D87B58002B8F04 /* SignMeStory-Prefix.pch */,
				8FEE95D616D87B58002B8F04 /* Default.png */,
				8FEE95D816D87B58002B8F04 /* Default@2x.png */,
				8FEE95DA16D87B58002B8F04 /* Default-568h@2x.png */,
			);
			name = "Supporting Files";
			sourceTree = "<group>";
		};
		8FEE95F416D87D5C002B8F04 /* Database */ = {
			isa = PBXGroup;
			children = (
				8FEE960116D8809A002B8F04 /* SignMeStoryFS.h */,
				8FEE960216D8809A002B8F04 /* SignMeStoryFS.m */,
			);
			path = Database;
			sourceTree = "<group>";
		};
/* End PBXGroup section */

/* Begin PBXNativeTarget section */
		8FEE95BF16D87B58002B8F04 /* SignMeStory */ = {
			isa = PBXNativeTarget;
			buildConfigurationList = 8FEE95E716D87B58002B8F04 /* Build configuration list for PBXNativeTarget "SignMeStory" */;
			buildPhases = (
				8FEE95BC16D87B58002B8F04 /* Sources */,
				8FEE95BD16D87B58002B8F04 /* Frameworks */,
				8FEE95BE16D87B58002B8F04 /* Resources */,
			);
			buildRules = (
			);
			dependencies = (
			);
			name = SignMeStory;
			productName = SignMeStory;
			productReference = 8FEE95C016D87B58002B8F04 /* SignMeStory.app */;
			productType = "com.apple.product-type.application";
		};
/* End PBXNativeTarget section */

/* Begin PBXProject section */
		8FEE95B716D87B58002B8F04 /* Project object */ = {
			isa = PBXProject;
			attributes = {
				LastUpgradeCheck = 0450;
				ORGANIZATIONNAME = "YenHsiang Wang";
			};
			buildConfigurationList = 8FEE95BA16D87B58002B8F04 /* Build configuration list for PBXProject "SignMeStory" */;
			compatibilityVersion = "Xcode 3.2";
			developmentRegion = English;
			hasScannedForEncodings = 0;
			knownRegions = (
				en,
			);
			mainGroup = 8FEE95B516D87B58002B8F04;
			productRefGroup = 8FEE95C116D87B58002B8F04 /* Products */;
			projectDirPath = "";
			projectRoot = "";
			targets = (
				8FEE95BF16D87B58002B8F04 /* SignMeStory */,
			);
		};
/* End PBXProject section */

/* Begin PBXResourcesBuildPhase section */
		8FEE95BE16D87B58002B8F04 /* Resources */ = {
			isa = PBXResourcesBuildPhase;
			buildActionMask = 2147483647;
			files = (
				8FEE95CF16D87B58002B8F04 /* InfoPlist.strings in Resources */,
				8FEE95D716D87B58002B8F04 /* Default.png in Resources */,
				8FEE95D916D87B58002B8F04 /* Default@2x.png in Resources */,
				8FEE95DB16D87B58002B8F04 /* Default-568h@2x.png in Resources */,
				8FEE95DE16D87B58002B8F04 /* MainStoryboard_iPhone.storyboard in Resources */,
				8FEE95E116D87B58002B8F04 /* MainStoryboard_iPad.storyboard in Resources */,
				8FEE95F116D87D50002B8F04 /* Dictionary in Resources */,
				8FEE95F216D87D50002B8F04 /* Images in Resources */,
				8FEE95F316D87D50002B8F04 /* Inventory in Resources */,
			);
			runOnlyForDeploymentPostprocessing = 0;
		};
/* End PBXResourcesBuildPhase section */

/* Begin PBXSourcesBuildPhase section */
		8FEE95BC16D87B58002B8F04 /* Sources */ = {
			isa = PBXSourcesBuildPhase;
			buildActionMask = 2147483647;
			files = (
				8FEE95D116D87B58002B8F04 /* main.m in Sources */,
				8FEE95D516D87B58002B8F04 /* AppDelegate.m in Sources */,
				8FEE95E416D87B58002B8F04 /* ViewController.m in Sources */,
				8FEE95FD16D87E37002B8F04 /* BookPageViewController.m in Sources */,
				8FEE95FE16D87E37002B8F04 /* BookshelfViewController.m in Sources */,
				8FEE95FF16D87E37002B8F04 /* CoverPageViewController.m in Sources */,
				8FEE960016D87E37002B8F04 /* StoryBookViewController.m in Sources */,
				8FEE960316D8809A002B8F04 /* SignMeStoryFS.m in Sources */,
			);
			runOnlyForDeploymentPostprocessing = 0;
		};
/* End PBXSourcesBuildPhase section */

/* Begin PBXVariantGroup section */
		8FEE95CD16D87B58002B8F04 /* InfoPlist.strings */ = {
			isa = PBXVariantGroup;
			children = (
				8FEE95CE16D87B58002B8F04 /* en */,
			);
			name = InfoPlist.strings;
			sourceTree = "<group>";
		};
		8FEE95DC16D87B58002B8F04 /* MainStoryboard_iPhone.storyboard */ = {
			isa = PBXVariantGroup;
			children = (
				8FEE95DD16D87B58002B8F04 /* en */,
			);
			name = MainStoryboard_iPhone.storyboard;
			sourceTree = "<group>";
		};
		8FEE95DF16D87B58002B8F04 /* MainStoryboard_iPad.storyboard */ = {
			isa = PBXVariantGroup;
			children = (
				8FEE95E016D87B58002B8F04 /* en */,
			);
			name = MainStoryboard_iPad.storyboard;
			sourceTree = "<group>";
		};
/* End PBXVariantGroup section */

/* Begin XCBuildConfiguration section */
		8FEE95E516D87B58002B8F04 /* Debug */ = {
			isa = XCBuildConfiguration;
			buildSettings = {
				ALWAYS_SEARCH_USER_PATHS = NO;
				CLANG_CXX_LANGUAGE_STANDARD = "gnu++0x";
				CLANG_CXX_LIBRARY = "libc++";
				CLANG_ENABLE_OBJC_ARC = YES;
				CLANG_WARN_EMPTY_BODY = YES;
				CLANG_WARN__DUPLICATE_METHOD_MATCH = YES;
				"CODE_SIGN_IDENTITY[sdk=iphoneos*]" = "iPhone Developer";
				COPY_PHASE_STRIP = NO;
				GCC_C_LANGUAGE_STANDARD = gnu99;
				GCC_DYNAMIC_NO_PIC = NO;
				GCC_OPTIMIZATION_LEVEL = 0;
				GCC_PREPROCESSOR_DEFINITIONS = (
					"DEBUG=1",
					"$(inherited)",
				);
				GCC_SYMBOLS_PRIVATE_EXTERN = NO;
				GCC_WARN_ABOUT_RETURN_TYPE = YES;
				GCC_WARN_UNINITIALIZED_AUTOS = YES;
				GCC_WARN_UNUSED_VARIABLE = YES;
				IPHONEOS_DEPLOYMENT_TARGET = 6.0;
				ONLY_ACTIVE_ARCH = YES;
				SDKROOT = iphoneos;
				TARGETED_DEVICE_FAMILY = "1,2";
			};
			name = Debug;
		};
		8FEE95E616D87B58002B8F04 /* Release */ = {
			isa = XCBuildConfiguration;
			buildSettings = {
				ALWAYS_SEARCH_USER_PATHS = NO;
				CLANG_CXX_LANGUAGE_STANDARD = "gnu++0x";
				CLANG_CXX_LIBRARY = "libc++";
				CLANG_ENABLE_OBJC_ARC = YES;
				CLANG_WARN_EMPTY_BODY = YES;
				CLANG_WARN__DUPLICATE_METHOD_MATCH = YES;
				"CODE_SIGN_IDENTITY[sdk=iphoneos*]" = "iPhone Developer";
				COPY_PHASE_STRIP = YES;
				GCC_C_LANGUAGE_STANDARD = gnu99;
				GCC_WARN_ABOUT_RETURN_TYPE = YES;
				GCC_WARN_UNINITIALIZED_AUTOS = YES;
				GCC_WARN_UNUSED_VARIABLE = YES;
				IPHONEOS_DEPLOYMENT_TARGET = 6.0;
				OTHER_CFLAGS = "-DNS_BLOCK_ASSERTIONS=1";
				SDKROOT = iphoneos;
				TARGETED_DEVICE_FAMILY = "1,2";
				VALIDATE_PRODUCT = YES;
			};
			name = Release;
		};
		8FEE95E816D87B58002B8F04 /* Debug */ = {
			isa = XCBuildConfiguration;
			buildSettings = {
				GCC_PRECOMPILE_PREFIX_HEADER = YES;
				GCC_PREFIX_HEADER = "SignMeStory/SignMeStory-Prefix.pch";
				INFOPLIST_FILE = "SignMeStory/SignMeStory-Info.plist";
				PRODUCT_NAME = "$(TARGET_NAME)";
				WRAPPER_EXTENSION = app;
			};
			name = Debug;
		};
		8FEE95E916D87B58002B8F04 /* Release */ = {
			isa = XCBuildConfiguration;
			buildSettings = {
				GCC_PRECOMPILE_PREFIX_HEADER = YES;
				GCC_PREFIX_HEADER = "SignMeStory/SignMeStory-Prefix.pch";
				INFOPLIST_FILE = "SignMeStory/SignMeStory-Info.plist";
				PRODUCT_NAME = "$(TARGET_NAME)";
				WRAPPER_EXTENSION = app;
			};
			name = Release;
		};
/* End XCBuildConfiguration section */

/* Begin XCConfigurationList section */
		8FEE95BA16D87B58002B8F04 /* Build configuration list for PBXProject "SignMeStory" */ = {
			isa = XCConfigurationList;
			buildConfigurations = (
				8FEE95E516D87B58002B8F04 /* Debug */,
				8FEE95E616D87B58002B8F04 /* Release */,
			);
			defaultConfigurationIsVisible = 0;
			defaultConfigurationName = Release;
		};
		8FEE95E716D87B58002B8F04 /* Build configuration list for PBXNativeTarget "SignMeStory" */ = {
			isa = XCConfigurationList;
			buildConfigurations = (
				8FEE95E816D87B58002B8F04 /* Debug */,
				8FEE95E916D87B58002B8F04 /* Release */,
			);
			defaultConfigurationIsVisible = 0;
			defaultConfigurationName = Release;
		};
/* End XCConfigurationList section */
	};
	rootObject = 8FEE95B716D87B58002B8F04 /* Project object */;
}
